
Microsoft Visual Studio Solution File, Format Version 12.00
# Visual Studio 15
Project("{FAE04EC0-301F-11D3-BF4B-00C04F79EFBC}") = "ADDS_HW2", "ADDS_HW2.csproj", "{553A6F11-B879-4E8C-AE17-6F751F8A0D7D}"
EndProject
Global
	GlobalSection(SolutionConfigurationPlatforms) = preSolution
		Debug|Any CPU = Debug|Any CPU
		Release|Any CPU = Release|Any CPU
	EndGlobalSection
	GlobalSection(ProjectConfigurationPlatforms) = postSolution
		{553A6F11-B879-4E8C-AE17-6F751F8A0D7D}.Debug|Any CPU.ActiveCfg = Debug|Any CPU
		{553A6F11-B879-4E8C-AE17-6F751F8A0D7D}.Debug|Any CPU.Build.0 = Debug|Any CPU
		{553A6F11-B879-4E8C-AE17-6F751F8A0D7D}.Release|Any CPU.ActiveCfg = Release|Any CPU
		{553A6F11-B879-4E8C-AE17-6F751F8A0D7D}.Release|Any CPU.Build.0 = Release|Any CPU
	EndGlobalSection
EndGlobal
